// !$*UTF8*$!
{
	archiveVersion = 1;
	classes = {
	};
	objectVersion = 46;
	objects = {

/* Begin PBXBuildFile section */
		652E92185C4F2E47BD8B82DA /* Pods_CameraMLTests.framework in Frameworks */ = {isa = PBXBuildFile; fileRef = 5EE63E9437E8F2B3D6BA3FAF /* Pods_CameraMLTests.framework */; };
		8B0AF29A1FABAD17008DDEB0 /* AppInjections.swift in Sources */ = {isa = PBXBuildFile; fileRef = 8B0AF2991FABAD17008DDEB0 /* AppInjections.swift */; };
		8B0AF29B1FABAD17008DDEB0 /* AppInjections.swift in Sources */ = {isa = PBXBuildFile; fileRef = 8B0AF2991FABAD17008DDEB0 /* AppInjections.swift */; };
		8B23CAA51F00F9080024679D /* AppDelegate.swift in Sources */ = {isa = PBXBuildFile; fileRef = 8B23CAA41F00F9080024679D /* AppDelegate.swift */; };
		8B23CAA71F00F9080024679D /* MainViewController.swift in Sources */ = {isa = PBXBuildFile; fileRef = 8B23CAA61F00F9080024679D /* MainViewController.swift */; };
		8B23CAAC1F00F9080024679D /* Assets.xcassets in Resources */ = {isa = PBXBuildFile; fileRef = 8B23CAAB1F00F9080024679D /* Assets.xcassets */; };
		8B23CAAF1F00F9080024679D /* LaunchScreen.storyboard in Resources */ = {isa = PBXBuildFile; fileRef = 8B23CAAD1F00F9080024679D /* LaunchScreen.storyboard */; };
		8B23CABA1F00F9080024679D /* CameraMLTests.swift in Sources */ = {isa = PBXBuildFile; fileRef = 8B23CAB91F00F9080024679D /* CameraMLTests.swift */; };
		8B23CAC51F00F9580024679D /* CameraController.swift in Sources */ = {isa = PBXBuildFile; fileRef = 8B23CAC41F00F9580024679D /* CameraController.swift */; };
		8B23CAC71F00FF1E0024679D /* Router.swift in Sources */ = {isa = PBXBuildFile; fileRef = 8B23CAC61F00FF1E0024679D /* Router.swift */; };
		8B97899D1FA8B433003A63CC /* Pods_CameraML.framework in Frameworks */ = {isa = PBXBuildFile; fileRef = 8B97899E1FA8B433003A63CC /* Pods_CameraML.framework */; };
		8BB9C93C1FA9BEBA00553880 /* LookPhotoViewController.swift in Sources */ = {isa = PBXBuildFile; fileRef = 8BB9C93B1FA9BEBA00553880 /* LookPhotoViewController.swift */; };
		8BB9C93F1FA9D24500553880 /* VGG16.mlmodel in Sources */ = {isa = PBXBuildFile; fileRef = 8BB9C93E1FA9D24500553880 /* VGG16.mlmodel */; };
		8BB9C9481FA9D81A00553880 /* VGG16.mlmodel in Sources */ = {isa = PBXBuildFile; fileRef = 8BB9C93E1FA9D24500553880 /* VGG16.mlmodel */; };
		8BB9C9491FA9D81A00553880 /* Router.swift in Sources */ = {isa = PBXBuildFile; fileRef = 8B23CAC61F00FF1E0024679D /* Router.swift */; };
		8BB9C94A1FA9D81A00553880 /* Color-Extension.swift in Sources */ = {isa = PBXBuildFile; fileRef = 8BD527171F0247A800BE97C6 /* Color-Extension.swift */; };
		8BB9C94B1FA9D81A00553880 /* CameraController.swift in Sources */ = {isa = PBXBuildFile; fileRef = 8B23CAC41F00F9580024679D /* CameraController.swift */; };
		8BB9C94C1FA9D81A00553880 /* LookPhotoViewController.swift in Sources */ = {isa = PBXBuildFile; fileRef = 8BB9C93B1FA9BEBA00553880 /* LookPhotoViewController.swift */; };
		8BB9C94D1FA9D81A00553880 /* MainViewController.swift in Sources */ = {isa = PBXBuildFile; fileRef = 8B23CAA61F00F9080024679D /* MainViewController.swift */; };
		8BB9C94E1FA9D81A00553880 /* Font-extension.swift in Sources */ = {isa = PBXBuildFile; fileRef = 8BD527181F0247A800BE97C6 /* Font-extension.swift */; };
		8BB9C94F1FA9D81A00553880 /* AppDelegate.swift in Sources */ = {isa = PBXBuildFile; fileRef = 8B23CAA41F00F9080024679D /* AppDelegate.swift */; };
		8BB9C9511FA9D81A00553880 /* Pods_CameraML.framework in Frameworks */ = {isa = PBXBuildFile; fileRef = 8B97899E1FA8B433003A63CC /* Pods_CameraML.framework */; };
		8BB9C9531FA9D81A00553880 /* LaunchScreen.storyboard in Resources */ = {isa = PBXBuildFile; fileRef = 8B23CAAD1F00F9080024679D /* LaunchScreen.storyboard */; };
		8BB9C9541FA9D81A00553880 /* Assets.xcassets in Resources */ = {isa = PBXBuildFile; fileRef = 8B23CAAB1F00F9080024679D /* Assets.xcassets */; };
		8BB9C95E1FA9FBBC00553880 /* PhotoLibrary.swift in Sources */ = {isa = PBXBuildFile; fileRef = 8BB9C95D1FA9FBBC00553880 /* PhotoLibrary.swift */; };
		8BB9C95F1FA9FBBC00553880 /* PhotoLibrary.swift in Sources */ = {isa = PBXBuildFile; fileRef = 8BB9C95D1FA9FBBC00553880 /* PhotoLibrary.swift */; };
		8BD527191F0247A800BE97C6 /* Color-Extension.swift in Sources */ = {isa = PBXBuildFile; fileRef = 8BD527171F0247A800BE97C6 /* Color-Extension.swift */; };
		8BD5271B1F0247A800BE97C6 /* Font-extension.swift in Sources */ = {isa = PBXBuildFile; fileRef = 8BD527181F0247A800BE97C6 /* Font-extension.swift */; };
/* End PBXBuildFile section */

/* Begin PBXContainerItemProxy section */
		8B23CAB61F00F9080024679D /* PBXContainerItemProxy */ = {
			isa = PBXContainerItemProxy;
			containerPortal = 8B23CA991F00F9080024679D /* Project object */;
			proxyType = 1;
			remoteGlobalIDString = 8B23CAA01F00F9080024679D;
			remoteInfo = CameraML;
		};
/* End PBXContainerItemProxy section */

/* Begin PBXFileReference section */
		102B75CD30CDAFEE7BEC512C /* Pods_CameraML.framework */ = {isa = PBXFileReference; explicitFileType = wrapper.framework; includeInIndex = 0; path = Pods_CameraML.framework; sourceTree = BUILT_PRODUCTS_DIR; };
		45D2796211E27E6E0DD3E325 /* Pods-CameraMLTests.debug.xcconfig */ = {isa = PBXFileReference; includeInIndex = 1; lastKnownFileType = text.xcconfig; name = "Pods-CameraMLTests.debug.xcconfig"; path = "Pods/Target Support Files/Pods-CameraMLTests/Pods-CameraMLTests.debug.xcconfig"; sourceTree = "<group>"; };
		50041F8B6E4B1E98E2797CFC /* Pods-CameraML.debug.xcconfig */ = {isa = PBXFileReference; includeInIndex = 1; lastKnownFileType = text.xcconfig; name = "Pods-CameraML.debug.xcconfig"; path = "Pods/Target Support Files/Pods-CameraML/Pods-CameraML.debug.xcconfig"; sourceTree = "<group>"; };
		5EE63E9437E8F2B3D6BA3FAF /* Pods_CameraMLTests.framework */ = {isa = PBXFileReference; explicitFileType = wrapper.framework; includeInIndex = 0; path = Pods_CameraMLTests.framework; sourceTree = BUILT_PRODUCTS_DIR; };
		8B0AF2991FABAD17008DDEB0 /* AppInjections.swift */ = {isa = PBXFileReference; lastKnownFileType = sourcecode.swift; path = AppInjections.swift; sourceTree = "<group>"; };
		8B1527601F03EE2E0036B4E2 /* CoreML.framework */ = {isa = PBXFileReference; lastKnownFileType = wrapper.framework; name = CoreML.framework; path = System/Library/Frameworks/CoreML.framework; sourceTree = SDKROOT; };
		8B23CAA11F00F9080024679D /* CameraML.app */ = {isa = PBXFileReference; explicitFileType = wrapper.application; includeInIndex = 0; path = CameraML.app; sourceTree = BUILT_PRODUCTS_DIR; };
		8B23CAA41F00F9080024679D /* AppDelegate.swift */ = {isa = PBXFileReference; lastKnownFileType = sourcecode.swift; path = AppDelegate.swift; sourceTree = "<group>"; };
		8B23CAA61F00F9080024679D /* MainViewController.swift */ = {isa = PBXFileReference; lastKnownFileType = sourcecode.swift; path = MainViewController.swift; sourceTree = "<group>"; };
		8B23CAAB1F00F9080024679D /* Assets.xcassets */ = {isa = PBXFileReference; lastKnownFileType = folder.assetcatalog; path = Assets.xcassets; sourceTree = "<group>"; };
		8B23CAAE1F00F9080024679D /* Base */ = {isa = PBXFileReference; lastKnownFileType = file.storyboard; name = Base; path = Base.lproj/LaunchScreen.storyboard; sourceTree = "<group>"; };
		8B23CAB01F00F9080024679D /* Info.plist */ = {isa = PBXFileReference; lastKnownFileType = text.plist.xml; path = Info.plist; sourceTree = "<group>"; };
		8B23CAB51F00F9080024679D /* CameraMLTests.xctest */ = {isa = PBXFileReference; explicitFileType = wrapper.cfbundle; includeInIndex = 0; path = CameraMLTests.xctest; sourceTree = BUILT_PRODUCTS_DIR; };
		8B23CAB91F00F9080024679D /* CameraMLTests.swift */ = {isa = PBXFileReference; lastKnownFileType = sourcecode.swift; path = CameraMLTests.swift; sourceTree = "<group>"; };
		8B23CABB1F00F9080024679D /* Info.plist */ = {isa = PBXFileReference; lastKnownFileType = text.plist.xml; path = Info.plist; sourceTree = "<group>"; };
		8B23CAC41F00F9580024679D /* CameraController.swift */ = {isa = PBXFileReference; fileEncoding = 4; lastKnownFileType = sourcecode.swift; path = CameraController.swift; sourceTree = "<group>"; };
		8B23CAC61F00FF1E0024679D /* Router.swift */ = {isa = PBXFileReference; fileEncoding = 4; lastKnownFileType = sourcecode.swift; path = Router.swift; sourceTree = "<group>"; };
		8B500A061F8A47D400E6781B /* Pods_CameraML.framework */ = {isa = PBXFileReference; explicitFileType = wrapper.framework; path = Pods_CameraML.framework; sourceTree = BUILT_PRODUCTS_DIR; };
		8B500A081F8A4A9200E6781B /* Pods_CameraML.framework */ = {isa = PBXFileReference; explicitFileType = wrapper.framework; path = Pods_CameraML.framework; sourceTree = BUILT_PRODUCTS_DIR; };
		8B97899E1FA8B433003A63CC /* Pods_CameraML.framework */ = {isa = PBXFileReference; explicitFileType = wrapper.framework; path = Pods_CameraML.framework; sourceTree = BUILT_PRODUCTS_DIR; };
		8B9789A01FA8B439003A63CC /* Pods_CameraML.framework */ = {isa = PBXFileReference; explicitFileType = wrapper.framework; path = Pods_CameraML.framework; sourceTree = BUILT_PRODUCTS_DIR; };
		8B9789A21FA8EA40003A63CC /* Pods_CameraML.framework */ = {isa = PBXFileReference; explicitFileType = wrapper.framework; path = Pods_CameraML.framework; sourceTree = BUILT_PRODUCTS_DIR; };
		8BB9C93B1FA9BEBA00553880 /* LookPhotoViewController.swift */ = {isa = PBXFileReference; lastKnownFileType = sourcecode.swift; path = LookPhotoViewController.swift; sourceTree = "<group>"; };
		8BB9C93E1FA9D24500553880 /* VGG16.mlmodel */ = {isa = PBXFileReference; lastKnownFileType = file.mlmodel; path = VGG16.mlmodel; sourceTree = "<group>"; };
		8BB9C95B1FA9D81A00553880 /* CameraML-dev.app */ = {isa = PBXFileReference; explicitFileType = wrapper.application; includeInIndex = 0; path = "CameraML-dev.app"; sourceTree = BUILT_PRODUCTS_DIR; };
		8BB9C95C1FA9D81A00553880 /* dev-Info.plist */ = {isa = PBXFileReference; lastKnownFileType = text.plist.xml; name = "dev-Info.plist"; path = "/Users/km/cameraML/dev-Info.plist"; sourceTree = "<absolute>"; };
		8BB9C95D1FA9FBBC00553880 /* PhotoLibrary.swift */ = {isa = PBXFileReference; lastKnownFileType = sourcecode.swift; path = PhotoLibrary.swift; sourceTree = "<group>"; };
		8BD527171F0247A800BE97C6 /* Color-Extension.swift */ = {isa = PBXFileReference; fileEncoding = 4; lastKnownFileType = sourcecode.swift; path = "Color-Extension.swift"; sourceTree = "<group>"; };
		8BD527181F0247A800BE97C6 /* Font-extension.swift */ = {isa = PBXFileReference; fileEncoding = 4; lastKnownFileType = sourcecode.swift; path = "Font-extension.swift"; sourceTree = "<group>"; };
		F13BA9D351DC50C74171C156 /* Pods-CameraML.release.xcconfig */ = {isa = PBXFileReference; includeInIndex = 1; lastKnownFileType = text.xcconfig; name = "Pods-CameraML.release.xcconfig"; path = "Pods/Target Support Files/Pods-CameraML/Pods-CameraML.release.xcconfig"; sourceTree = "<group>"; };
		FED60BC2A129CC2FE6300990 /* Pods-CameraMLTests.release.xcconfig */ = {isa = PBXFileReference; includeInIndex = 1; lastKnownFileType = text.xcconfig; name = "Pods-CameraMLTests.release.xcconfig"; path = "Pods/Target Support Files/Pods-CameraMLTests/Pods-CameraMLTests.release.xcconfig"; sourceTree = "<group>"; };
/* End PBXFileReference section */

/* Begin PBXFrameworksBuildPhase section */
		8B23CA9E1F00F9080024679D /* Frameworks */ = {
			isa = PBXFrameworksBuildPhase;
			buildActionMask = 2147483647;
			files = (
				8B97899D1FA8B433003A63CC /* Pods_CameraML.framework in Frameworks */,
			);
			runOnlyForDeploymentPostprocessing = 0;
		};
		8B23CAB21F00F9080024679D /* Frameworks */ = {
			isa = PBXFrameworksBuildPhase;
			buildActionMask = 2147483647;
			files = (
				652E92185C4F2E47BD8B82DA /* Pods_CameraMLTests.framework in Frameworks */,
			);
			runOnlyForDeploymentPostprocessing = 0;
		};
		8BB9C9501FA9D81A00553880 /* Frameworks */ = {
			isa = PBXFrameworksBuildPhase;
			buildActionMask = 2147483647;
			files = (
				8BB9C9511FA9D81A00553880 /* Pods_CameraML.framework in Frameworks */,
			);
			runOnlyForDeploymentPostprocessing = 0;
		};
/* End PBXFrameworksBuildPhase section */

/* Begin PBXGroup section */
		8B23CA981F00F9080024679D = {
			isa = PBXGroup;
			children = (
				8BB9C93E1FA9D24500553880 /* VGG16.mlmodel */,
				8B23CAA31F00F9080024679D /* CameraML */,
				8B23CAB81F00F9080024679D /* CameraMLTests */,
				8B23CAA21F00F9080024679D /* Products */,
				9114C0E836E4DDB5B18C224B /* Pods */,
				C83F405E102B26CA75CC62A6 /* Frameworks */,
			);
			sourceTree = "<group>";
		};
		8B23CAA21F00F9080024679D /* Products */ = {
			isa = PBXGroup;
			children = (
				8B23CAA11F00F9080024679D /* CameraML.app */,
				8B23CAB51F00F9080024679D /* CameraMLTests.xctest */,
				8BB9C95B1FA9D81A00553880 /* CameraML-dev.app */,
			);
			name = Products;
			sourceTree = "<group>";
		};
		8B23CAA31F00F9080024679D /* CameraML */ = {
			isa = PBXGroup;
			children = (
				8B23CAA41F00F9080024679D /* AppDelegate.swift */,
				8B23CAC61F00FF1E0024679D /* Router.swift */,
				8B0AF2991FABAD17008DDEB0 /* AppInjections.swift */,
				8B23CAA61F00F9080024679D /* MainViewController.swift */,
				8BB9C95D1FA9FBBC00553880 /* PhotoLibrary.swift */,
				8BD5271F1F0247EB00BE97C6 /* Camera Controller */,
				8BD5271E1F0247D900BE97C6 /* Look Photo From Library */,
				8B23CAAB1F00F9080024679D /* Assets.xcassets */,
				8B23CAAD1F00F9080024679D /* LaunchScreen.storyboard */,
				8BD5271D1F0247B500BE97C6 /* Project extensions */,
				8BD527121F02458B00BE97C6 /* Info-plist */,
			);
			path = CameraML;
			sourceTree = "<group>";
		};
		8B23CAB81F00F9080024679D /* CameraMLTests */ = {
			isa = PBXGroup;
			children = (
				8B23CAB91F00F9080024679D /* CameraMLTests.swift */,
				8B23CABB1F00F9080024679D /* Info.plist */,
			);
			path = CameraMLTests;
			sourceTree = "<group>";
		};
		8BD527121F02458B00BE97C6 /* Info-plist */ = {
			isa = PBXGroup;
			children = (
				8B23CAB01F00F9080024679D /* Info.plist */,
				8BB9C95C1FA9D81A00553880 /* dev-Info.plist */,
			);
			name = "Info-plist";
			sourceTree = "<group>";
		};
		8BD5271D1F0247B500BE97C6 /* Project extensions */ = {
			isa = PBXGroup;
			children = (
				8BD527171F0247A800BE97C6 /* Color-Extension.swift */,
				8BD527181F0247A800BE97C6 /* Font-extension.swift */,
			);
			name = "Project extensions";
			sourceTree = "<group>";
		};
		8BD5271E1F0247D900BE97C6 /* Look Photo From Library */ = {
			isa = PBXGroup;
			children = (
				8BB9C93B1FA9BEBA00553880 /* LookPhotoViewController.swift */,
			);
			name = "Look Photo From Library";
			sourceTree = "<group>";
		};
		8BD5271F1F0247EB00BE97C6 /* Camera Controller */ = {
			isa = PBXGroup;
			children = (
				8B23CAC41F00F9580024679D /* CameraController.swift */,
			);
			name = "Camera Controller";
			sourceTree = "<group>";
		};
		9114C0E836E4DDB5B18C224B /* Pods */ = {
			isa = PBXGroup;
			children = (
				45D2796211E27E6E0DD3E325 /* Pods-CameraMLTests.debug.xcconfig */,
				FED60BC2A129CC2FE6300990 /* Pods-CameraMLTests.release.xcconfig */,
				50041F8B6E4B1E98E2797CFC /* Pods-CameraML.debug.xcconfig */,
				F13BA9D351DC50C74171C156 /* Pods-CameraML.release.xcconfig */,
			);
			name = Pods;
			sourceTree = "<group>";
		};
		C83F405E102B26CA75CC62A6 /* Frameworks */ = {
			isa = PBXGroup;
			children = (
				8B9789A21FA8EA40003A63CC /* Pods_CameraML.framework */,
				8B9789A01FA8B439003A63CC /* Pods_CameraML.framework */,
				8B97899E1FA8B433003A63CC /* Pods_CameraML.framework */,
				8B500A081F8A4A9200E6781B /* Pods_CameraML.framework */,
				8B500A061F8A47D400E6781B /* Pods_CameraML.framework */,
				8B1527601F03EE2E0036B4E2 /* CoreML.framework */,
				102B75CD30CDAFEE7BEC512C /* Pods_CameraML.framework */,
				5EE63E9437E8F2B3D6BA3FAF /* Pods_CameraMLTests.framework */,
			);
			name = Frameworks;
			sourceTree = "<group>";
		};
/* End PBXGroup section */

/* Begin PBXNativeTarget section */
		8B23CAA01F00F9080024679D /* CameraML */ = {
			isa = PBXNativeTarget;
			buildConfigurationList = 8B23CABE1F00F9080024679D /* Build configuration list for PBXNativeTarget "CameraML" */;
			buildPhases = (
				486F498E4E97359FAAAA5751 /* [CP] Check Pods Manifest.lock */,
				8B23CA9D1F00F9080024679D /* Sources */,
				8B23CA9E1F00F9080024679D /* Frameworks */,
				8B23CA9F1F00F9080024679D /* Resources */,
				32F25A34B3AF3F7A714C1A4D /* [CP] Embed Pods Frameworks */,
				D69DF2C937A46DC061C15C10 /* [CP] Copy Pods Resources */,
				8B23CAC81F010C7C0024679D /* ShellScript */,
			);
			buildRules = (
			);
			dependencies = (
			);
			name = CameraML;
			productName = CameraML;
			productReference = 8B23CAA11F00F9080024679D /* CameraML.app */;
			productType = "com.apple.product-type.application";
		};
		8B23CAB41F00F9080024679D /* CameraMLTests */ = {
			isa = PBXNativeTarget;
			buildConfigurationList = 8B23CAC11F00F9080024679D /* Build configuration list for PBXNativeTarget "CameraMLTests" */;
			buildPhases = (
				463DD2F07B25D2BF3AAE342C /* [CP] Check Pods Manifest.lock */,
				8B23CAB11F00F9080024679D /* Sources */,
				8B23CAB21F00F9080024679D /* Frameworks */,
				8B23CAB31F00F9080024679D /* Resources */,
				155CF4E1AE3D795BD8AAAAE0 /* [CP] Embed Pods Frameworks */,
				9549F536BA2A2AB10FE862D7 /* [CP] Copy Pods Resources */,
			);
			buildRules = (
			);
			dependencies = (
				8B23CAB71F00F9080024679D /* PBXTargetDependency */,
			);
			name = CameraMLTests;
			productName = CameraMLTests;
			productReference = 8B23CAB51F00F9080024679D /* CameraMLTests.xctest */;
			productType = "com.apple.product-type.bundle.unit-test";
		};
		8BB9C9451FA9D81A00553880 /* CameraML-dev */ = {
			isa = PBXNativeTarget;
			buildConfigurationList = 8BB9C9581FA9D81A00553880 /* Build configuration list for PBXNativeTarget "CameraML-dev" */;
			buildPhases = (
				8BB9C9461FA9D81A00553880 /* [CP] Check Pods Manifest.lock */,
				8BB9C9471FA9D81A00553880 /* Sources */,
				8BB9C9501FA9D81A00553880 /* Frameworks */,
				8BB9C9521FA9D81A00553880 /* Resources */,
				8BB9C9551FA9D81A00553880 /* [CP] Embed Pods Frameworks */,
				8BB9C9561FA9D81A00553880 /* [CP] Copy Pods Resources */,
				8BB9C9571FA9D81A00553880 /* ShellScript */,
			);
			buildRules = (
			);
			dependencies = (
			);
			name = "CameraML-dev";
			productName = CameraML;
			productReference = 8BB9C95B1FA9D81A00553880 /* CameraML-dev.app */;
			productType = "com.apple.product-type.application";
		};
/* End PBXNativeTarget section */

/* Begin PBXProject section */
		8B23CA991F00F9080024679D /* Project object */ = {
			isa = PBXProject;
			attributes = {
				LastSwiftUpdateCheck = 0820;
				LastUpgradeCheck = 0900;
				ORGANIZATIONNAME = Kviatkovskii;
				TargetAttributes = {
					8B23CAA01F00F9080024679D = {
						CreatedOnToolsVersion = 8.2.1;
						DevelopmentTeam = P44LMMDHV3;
						LastSwiftMigration = 0910;
						ProvisioningStyle = Automatic;
					};
					8B23CAB41F00F9080024679D = {
						CreatedOnToolsVersion = 8.2.1;
						DevelopmentTeam = P44LMMDHV3;
						LastSwiftMigration = 0910;
						ProvisioningStyle = Automatic;
						TestTargetID = 8B23CAA01F00F9080024679D;
					};
					8BB9C9451FA9D81A00553880 = {
						DevelopmentTeam = P44LMMDHV3;
					};
				};
			};
			buildConfigurationList = 8B23CA9C1F00F9080024679D /* Build configuration list for PBXProject "CameraML" */;
			compatibilityVersion = "Xcode 3.2";
			developmentRegion = English;
			hasScannedForEncodings = 0;
			knownRegions = (
				en,
				Base,
			);
			mainGroup = 8B23CA981F00F9080024679D;
			productRefGroup = 8B23CAA21F00F9080024679D /* Products */;
			projectDirPath = "";
			projectRoot = "";
			targets = (
				8B23CAA01F00F9080024679D /* CameraML */,
				8BB9C9451FA9D81A00553880 /* CameraML-dev */,
				8B23CAB41F00F9080024679D /* CameraMLTests */,
			);
		};
/* End PBXProject section */

/* Begin PBXResourcesBuildPhase section */
		8B23CA9F1F00F9080024679D /* Resources */ = {
			isa = PBXResourcesBuildPhase;
			buildActionMask = 2147483647;
			files = (
				8B23CAAF1F00F9080024679D /* LaunchScreen.storyboard in Resources */,
				8B23CAAC1F00F9080024679D /* Assets.xcassets in Resources */,
			);
			runOnlyForDeploymentPostprocessing = 0;
		};
		8B23CAB31F00F9080024679D /* Resources */ = {
			isa = PBXResourcesBuildPhase;
			buildActionMask = 2147483647;
			files = (
			);
			runOnlyForDeploymentPostprocessing = 0;
		};
		8BB9C9521FA9D81A00553880 /* Resources */ = {
			isa = PBXResourcesBuildPhase;
			buildActionMask = 2147483647;
			files = (
				8BB9C9531FA9D81A00553880 /* LaunchScreen.storyboard in Resources */,
				8BB9C9541FA9D81A00553880 /* Assets.xcassets in Resources */,
			);
			runOnlyForDeploymentPostprocessing = 0;
		};
/* End PBXResourcesBuildPhase section */

/* Begin PBXShellScriptBuildPhase section */
		155CF4E1AE3D795BD8AAAAE0 /* [CP] Embed Pods Frameworks */ = {
			isa = PBXShellScriptBuildPhase;
			buildActionMask = 2147483647;
			files = (
			);
			inputPaths = (
				"${SRCROOT}/Pods/Target Support Files/Pods-CameraMLTests/Pods-CameraMLTests-frameworks.sh",
				"${BUILT_PRODUCTS_DIR}/RxCocoa/RxCocoa.framework",
				"${BUILT_PRODUCTS_DIR}/RxSwift/RxSwift.framework",
				"${BUILT_PRODUCTS_DIR}/SnapKit/SnapKit.framework",
			);
			name = "[CP] Embed Pods Frameworks";
			outputPaths = (
				"${TARGET_BUILD_DIR}/${FRAMEWORKS_FOLDER_PATH}/RxCocoa.framework",
				"${TARGET_BUILD_DIR}/${FRAMEWORKS_FOLDER_PATH}/RxSwift.framework",
				"${TARGET_BUILD_DIR}/${FRAMEWORKS_FOLDER_PATH}/SnapKit.framework",
			);
			runOnlyForDeploymentPostprocessing = 0;
			shellPath = /bin/sh;
			shellScript = "\"${SRCROOT}/Pods/Target Support Files/Pods-CameraMLTests/Pods-CameraMLTests-frameworks.sh\"\n";
			showEnvVarsInLog = 0;
		};
		32F25A34B3AF3F7A714C1A4D /* [CP] Embed Pods Frameworks */ = {
			isa = PBXShellScriptBuildPhase;
			buildActionMask = 2147483647;
			files = (
			);
			inputPaths = (
				"${SRCROOT}/Pods/Target Support Files/Pods-CameraML/Pods-CameraML-frameworks.sh",
				"${BUILT_PRODUCTS_DIR}/RxCocoa/RxCocoa.framework",
				"${BUILT_PRODUCTS_DIR}/RxSwift/RxSwift.framework",
				"${BUILT_PRODUCTS_DIR}/SnapKit/SnapKit.framework",
			);
			name = "[CP] Embed Pods Frameworks";
			outputPaths = (
				"${TARGET_BUILD_DIR}/${FRAMEWORKS_FOLDER_PATH}/RxCocoa.framework",
				"${TARGET_BUILD_DIR}/${FRAMEWORKS_FOLDER_PATH}/RxSwift.framework",
				"${TARGET_BUILD_DIR}/${FRAMEWORKS_FOLDER_PATH}/SnapKit.framework",
			);
			runOnlyForDeploymentPostprocessing = 0;
			shellPath = /bin/sh;
			shellScript = "\"${SRCROOT}/Pods/Target Support Files/Pods-CameraML/Pods-CameraML-frameworks.sh\"\n";
			showEnvVarsInLog = 0;
		};
		463DD2F07B25D2BF3AAE342C /* [CP] Check Pods Manifest.lock */ = {
			isa = PBXShellScriptBuildPhase;
			buildActionMask = 2147483647;
			files = (
			);
			inputPaths = (
				"${PODS_PODFILE_DIR_PATH}/Podfile.lock",
				"${PODS_ROOT}/Manifest.lock",
			);
			name = "[CP] Check Pods Manifest.lock";
			outputPaths = (
				"$(DERIVED_FILE_DIR)/Pods-CameraMLTests-checkManifestLockResult.txt",
			);
			runOnlyForDeploymentPostprocessing = 0;
			shellPath = /bin/sh;
			shellScript = "diff \"${PODS_PODFILE_DIR_PATH}/Podfile.lock\" \"${PODS_ROOT}/Manifest.lock\" > /dev/null\nif [ $? != 0 ] ; then\n    # print error to STDERR\n    echo \"error: The sandbox is not in sync with the Podfile.lock. Run 'pod install' or update your CocoaPods installation.\" >&2\n    exit 1\nfi\n# This output is used by Xcode 'outputs' to avoid re-running this script phase.\necho \"SUCCESS\" > \"${SCRIPT_OUTPUT_FILE_0}\"\n";
			showEnvVarsInLog = 0;
		};
		486F498E4E97359FAAAA5751 /* [CP] Check Pods Manifest.lock */ = {
			isa = PBXShellScriptBuildPhase;
			buildActionMask = 2147483647;
			files = (
			);
			inputPaths = (
				"${PODS_PODFILE_DIR_PATH}/Podfile.lock",
				"${PODS_ROOT}/Manifest.lock",
			);
			name = "[CP] Check Pods Manifest.lock";
			outputPaths = (
				"$(DERIVED_FILE_DIR)/Pods-CameraML-checkManifestLockResult.txt",
			);
			runOnlyForDeploymentPostprocessing = 0;
			shellPath = /bin/sh;
			shellScript = "diff \"${PODS_PODFILE_DIR_PATH}/Podfile.lock\" \"${PODS_ROOT}/Manifest.lock\" > /dev/null\nif [ $? != 0 ] ; then\n    # print error to STDERR\n    echo \"error: The sandbox is not in sync with the Podfile.lock. Run 'pod install' or update your CocoaPods installation.\" >&2\n    exit 1\nfi\n# This output is used by Xcode 'outputs' to avoid re-running this script phase.\necho \"SUCCESS\" > \"${SCRIPT_OUTPUT_FILE_0}\"\n";
			showEnvVarsInLog = 0;
		};
		8B23CAC81F010C7C0024679D /* ShellScript */ = {
			isa = PBXShellScriptBuildPhase;
			buildActionMask = 2147483647;
			files = (
			);
			inputPaths = (
			);
			outputPaths = (
			);
			runOnlyForDeploymentPostprocessing = 0;
			shellPath = /bin/sh;
			shellScript = "if which swiftlint >/dev/null; then\n    swiftlint\nelse\n    echo \"warning: SwiftLint not installed, download from https://github.com/realm/SwiftLint\"\nfi";
		};
		8BB9C9461FA9D81A00553880 /* [CP] Check Pods Manifest.lock */ = {
			isa = PBXShellScriptBuildPhase;
			buildActionMask = 2147483647;
			files = (
			);
			inputPaths = (
				"${PODS_PODFILE_DIR_PATH}/Podfile.lock",
				"${PODS_ROOT}/Manifest.lock",
			);
			name = "[CP] Check Pods Manifest.lock";
			outputPaths = (
				"$(DERIVED_FILE_DIR)/Pods-CameraML-checkManifestLockResult.txt",
			);
			runOnlyForDeploymentPostprocessing = 0;
			shellPath = /bin/sh;
			shellScript = "diff \"${PODS_PODFILE_DIR_PATH}/Podfile.lock\" \"${PODS_ROOT}/Manifest.lock\" > /dev/null\nif [ $? != 0 ] ; then\n    # print error to STDERR\n    echo \"error: The sandbox is not in sync with the Podfile.lock. Run 'pod install' or update your CocoaPods installation.\" >&2\n    exit 1\nfi\n# This output is used by Xcode 'outputs' to avoid re-running this script phase.\necho \"SUCCESS\" > \"${SCRIPT_OUTPUT_FILE_0}\"\n";
			showEnvVarsInLog = 0;
		};
		8BB9C9551FA9D81A00553880 /* [CP] Embed Pods Frameworks */ = {
			isa = PBXShellScriptBuildPhase;
			buildActionMask = 2147483647;
			files = (
			);
			inputPaths = (
				"${SRCROOT}/Pods/Target Support Files/Pods-CameraML/Pods-CameraML-frameworks.sh",
				"${BUILT_PRODUCTS_DIR}/RxCocoa/RxCocoa.framework",
				"${BUILT_PRODUCTS_DIR}/RxSwift/RxSwift.framework",
				"${BUILT_PRODUCTS_DIR}/SnapKit/SnapKit.framework",
			);
			name = "[CP] Embed Pods Frameworks";
			outputPaths = (
				"${TARGET_BUILD_DIR}/${FRAMEWORKS_FOLDER_PATH}/RxCocoa.framework",
				"${TARGET_BUILD_DIR}/${FRAMEWORKS_FOLDER_PATH}/RxSwift.framework",
				"${TARGET_BUILD_DIR}/${FRAMEWORKS_FOLDER_PATH}/SnapKit.framework",
			);
			runOnlyForDeploymentPostprocessing = 0;
			shellPath = /bin/sh;
			shellScript = "\"${SRCROOT}/Pods/Target Support Files/Pods-CameraML/Pods-CameraML-frameworks.sh\"\n";
			showEnvVarsInLog = 0;
		};
		8BB9C9561FA9D81A00553880 /* [CP] Copy Pods Resources */ = {
			isa = PBXShellScriptBuildPhase;
			buildActionMask = 2147483647;
			files = (
			);
			inputPaths = (
			);
			name = "[CP] Copy Pods Resources";
			outputPaths = (
			);
			runOnlyForDeploymentPostprocessing = 0;
			shellPath = /bin/sh;
			shellScript = "\"${SRCROOT}/Pods/Target Support Files/Pods-CameraML/Pods-CameraML-resources.sh\"\n";
			showEnvVarsInLog = 0;
		};
		8BB9C9571FA9D81A00553880 /* ShellScript */ = {
			isa = PBXShellScriptBuildPhase;
			buildActionMask = 2147483647;
			files = (
			);
			inputPaths = (
			);
			outputPaths = (
			);
			runOnlyForDeploymentPostprocessing = 0;
			shellPath = /bin/sh;
			shellScript = "if which swiftlint >/dev/null; then\n    swiftlint\nelse\n    echo \"warning: SwiftLint not installed, download from https://github.com/realm/SwiftLint\"\nfi";
		};
		9549F536BA2A2AB10FE862D7 /* [CP] Copy Pods Resources */ = {
			isa = PBXShellScriptBuildPhase;
			buildActionMask = 2147483647;
			files = (
			);
			inputPaths = (
			);
			name = "[CP] Copy Pods Resources";
			outputPaths = (
			);
			runOnlyForDeploymentPostprocessing = 0;
			shellPath = /bin/sh;
			shellScript = "\"${SRCROOT}/Pods/Target Support Files/Pods-CameraMLTests/Pods-CameraMLTests-resources.sh\"\n";
			showEnvVarsInLog = 0;
		};
		D69DF2C937A46DC061C15C10 /* [CP] Copy Pods Resources */ = {
			isa = PBXShellScriptBuildPhase;
			buildActionMask = 2147483647;
			files = (
			);
			inputPaths = (
			);
			name = "[CP] Copy Pods Resources";
			outputPaths = (
			);
			runOnlyForDeploymentPostprocessing = 0;
			shellPath = /bin/sh;
			shellScript = "\"${SRCROOT}/Pods/Target Support Files/Pods-CameraML/Pods-CameraML-resources.sh\"\n";
			showEnvVarsInLog = 0;
		};
/* End PBXShellScriptBuildPhase section */

/* Begin PBXSourcesBuildPhase section */
		8B23CA9D1F00F9080024679D /* Sources */ = {
			isa = PBXSourcesBuildPhase;
			buildActionMask = 2147483647;
			files = (
				8BB9C93F1FA9D24500553880 /* VGG16.mlmodel in Sources */,
				8B0AF29A1FABAD17008DDEB0 /* AppInjections.swift in Sources */,
				8B23CAC71F00FF1E0024679D /* Router.swift in Sources */,
				8BD527191F0247A800BE97C6 /* Color-Extension.swift in Sources */,
				8B23CAC51F00F9580024679D /* CameraController.swift in Sources */,
				8BB9C95E1FA9FBBC00553880 /* PhotoLibrary.swift in Sources */,
				8BB9C93C1FA9BEBA00553880 /* LookPhotoViewController.swift in Sources */,
				8B23CAA71F00F9080024679D /* MainViewController.swift in Sources */,
				8BD5271B1F0247A800BE97C6 /* Font-extension.swift in Sources */,
				8B23CAA51F00F9080024679D /* AppDelegate.swift in Sources */,
			);
			runOnlyForDeploymentPostprocessing = 0;
		};
		8B23CAB11F00F9080024679D /* Sources */ = {
			isa = PBXSourcesBuildPhase;
			buildActionMask = 2147483647;
			files = (
				8B23CABA1F00F9080024679D /* CameraMLTests.swift in Sources */,
			);
			runOnlyForDeploymentPostprocessing = 0;
		};
		8BB9C9471FA9D81A00553880 /* Sources */ = {
			isa = PBXSourcesBuildPhase;
			buildActionMask = 2147483647;
			files = (
				8BB9C9481FA9D81A00553880 /* VGG16.mlmodel in Sources */,
				8B0AF29B1FABAD17008DDEB0 /* AppInjections.swift in Sources */,
				8BB9C9491FA9D81A00553880 /* Router.swift in Sources */,
				8BB9C94A1FA9D81A00553880 /* Color-Extension.swift in Sources */,
				8BB9C94B1FA9D81A00553880 /* CameraController.swift in Sources */,
				8BB9C95F1FA9FBBC00553880 /* PhotoLibrary.swift in Sources */,
				8BB9C94C1FA9D81A00553880 /* LookPhotoViewController.swift in Sources */,
				8BB9C94D1FA9D81A00553880 /* MainViewController.swift in Sources */,
				8BB9C94E1FA9D81A00553880 /* Font-extension.swift in Sources */,
				8BB9C94F1FA9D81A00553880 /* AppDelegate.swift in Sources */,
			);
			runOnlyForDeploymentPostprocessing = 0;
		};
/* End PBXSourcesBuildPhase section */

/* Begin PBXTargetDependency section */
		8B23CAB71F00F9080024679D /* PBXTargetDependency */ = {
			isa = PBXTargetDependency;
			target = 8B23CAA01F00F9080024679D /* CameraML */;
			targetProxy = 8B23CAB61F00F9080024679D /* PBXContainerItemProxy */;
		};
/* End PBXTargetDependency section */

/* Begin PBXVariantGroup section */
		8B23CAAD1F00F9080024679D /* LaunchScreen.storyboard */ = {
			isa = PBXVariantGroup;
			children = (
				8B23CAAE1F00F9080024679D /* Base */,
			);
			name = LaunchScreen.storyboard;
			sourceTree = "<group>";
		};
/* End PBXVariantGroup section */

/* Begin XCBuildConfiguration section */
		8B23CABC1F00F9080024679D /* Debug */ = {
			isa = XCBuildConfiguration;
			buildSettings = {
				ALWAYS_SEARCH_USER_PATHS = NO;
				CLANG_ANALYZER_NONNULL = YES;
				CLANG_CXX_LANGUAGE_STANDARD = "gnu++0x";
				CLANG_CXX_LIBRARY = "libc++";
				CLANG_ENABLE_MODULES = YES;
				CLANG_ENABLE_OBJC_ARC = YES;
				CLANG_WARN_BLOCK_CAPTURE_AUTORELEASING = YES;
				CLANG_WARN_BOOL_CONVERSION = YES;
				CLANG_WARN_COMMA = YES;
				CLANG_WARN_CONSTANT_CONVERSION = YES;
				CLANG_WARN_DIRECT_OBJC_ISA_USAGE = YES_ERROR;
				CLANG_WARN_DOCUMENTATION_COMMENTS = YES;
				CLANG_WARN_EMPTY_BODY = YES;
				CLANG_WARN_ENUM_CONVERSION = YES;
				CLANG_WARN_INFINITE_RECURSION = YES;
				CLANG_WARN_INT_CONVERSION = YES;
				CLANG_WARN_NON_LITERAL_NULL_CONVERSION = YES;
				CLANG_WARN_OBJC_LITERAL_CONVERSION = YES;
				CLANG_WARN_OBJC_ROOT_CLASS = YES_ERROR;
				CLANG_WARN_RANGE_LOOP_ANALYSIS = YES;
				CLANG_WARN_STRICT_PROTOTYPES = YES;
				CLANG_WARN_SUSPICIOUS_MOVE = YES;
				CLANG_WARN_UNREACHABLE_CODE = YES;
				CLANG_WARN__DUPLICATE_METHOD_MATCH = YES;
				"CODE_SIGN_IDENTITY[sdk=iphoneos*]" = "iPhone Developer";
				COPY_PHASE_STRIP = NO;
				DEBUG_INFORMATION_FORMAT = dwarf;
				ENABLE_STRICT_OBJC_MSGSEND = YES;
				ENABLE_TESTABILITY = YES;
				GCC_C_LANGUAGE_STANDARD = gnu99;
				GCC_DYNAMIC_NO_PIC = NO;
				GCC_NO_COMMON_BLOCKS = YES;
				GCC_OPTIMIZATION_LEVEL = 0;
				GCC_PREPROCESSOR_DEFINITIONS = (
					"DEBUG=1",
					"$(inherited)",
				);
				GCC_WARN_64_TO_32_BIT_CONVERSION = YES;
				GCC_WARN_ABOUT_RETURN_TYPE = YES_ERROR;
				GCC_WARN_UNDECLARED_SELECTOR = YES;
				GCC_WARN_UNINITIALIZED_AUTOS = YES_AGGRESSIVE;
				GCC_WARN_UNUSED_FUNCTION = YES;
				GCC_WARN_UNUSED_VARIABLE = YES;
				IPHONEOS_DEPLOYMENT_TARGET = 11.0;
				MTL_ENABLE_DEBUG_INFO = YES;
				ONLY_ACTIVE_ARCH = YES;
				SDKROOT = iphoneos;
				SWIFT_ACTIVE_COMPILATION_CONDITIONS = DEBUG;
				SWIFT_OPTIMIZATION_LEVEL = "-Onone";
				TARGETED_DEVICE_FAMILY = "1,2";
			};
			name = Debug;
		};
		8B23CABD1F00F9080024679D /* Release */ = {
			isa = XCBuildConfiguration;
			buildSettings = {
				ALWAYS_SEARCH_USER_PATHS = NO;
				CLANG_ANALYZER_NONNULL = YES;
				CLANG_CXX_LANGUAGE_STANDARD = "gnu++0x";
				CLANG_CXX_LIBRARY = "libc++";
				CLANG_ENABLE_MODULES = YES;
				CLANG_ENABLE_OBJC_ARC = YES;
				CLANG_WARN_BLOCK_CAPTURE_AUTORELEASING = YES;
				CLANG_WARN_BOOL_CONVERSION = YES;
				CLANG_WARN_COMMA = YES;
				CLANG_WARN_CONSTANT_CONVERSION = YES;
				CLANG_WARN_DIRECT_OBJC_ISA_USAGE = YES_ERROR;
				CLANG_WARN_DOCUMENTATION_COMMENTS = YES;
				CLANG_WARN_EMPTY_BODY = YES;
				CLANG_WARN_ENUM_CONVERSION = YES;
				CLANG_WARN_INFINITE_RECURSION = YES;
				CLANG_WARN_INT_CONVERSION = YES;
				CLANG_WARN_NON_LITERAL_NULL_CONVERSION = YES;
				CLANG_WARN_OBJC_LITERAL_CONVERSION = YES;
				CLANG_WARN_OBJC_ROOT_CLASS = YES_ERROR;
				CLANG_WARN_RANGE_LOOP_ANALYSIS = YES;
				CLANG_WARN_STRICT_PROTOTYPES = YES;
				CLANG_WARN_SUSPICIOUS_MOVE = YES;
				CLANG_WARN_UNREACHABLE_CODE = YES;
				CLANG_WARN__DUPLICATE_METHOD_MATCH = YES;
				"CODE_SIGN_IDENTITY[sdk=iphoneos*]" = "iPhone Developer";
				COPY_PHASE_STRIP = NO;
				DEBUG_INFORMATION_FORMAT = "dwarf-with-dsym";
				ENABLE_NS_ASSERTIONS = NO;
				ENABLE_STRICT_OBJC_MSGSEND = YES;
				GCC_C_LANGUAGE_STANDARD = gnu99;
				GCC_NO_COMMON_BLOCKS = YES;
				GCC_WARN_64_TO_32_BIT_CONVERSION = YES;
				GCC_WARN_ABOUT_RETURN_TYPE = YES_ERROR;
				GCC_WARN_UNDECLARED_SELECTOR = YES;
				GCC_WARN_UNINITIALIZED_AUTOS = YES_AGGRESSIVE;
				GCC_WARN_UNUSED_FUNCTION = YES;
				GCC_WARN_UNUSED_VARIABLE = YES;
				IPHONEOS_DEPLOYMENT_TARGET = 11.0;
				MTL_ENABLE_DEBUG_INFO = NO;
				SDKROOT = iphoneos;
				SWIFT_OPTIMIZATION_LEVEL = "-Owholemodule";
				TARGETED_DEVICE_FAMILY = "1,2";
				VALIDATE_PRODUCT = YES;
			};
			name = Release;
		};
		8B23CABF1F00F9080024679D /* Debug */ = {
			isa = XCBuildConfiguration;
			baseConfigurationReference = 50041F8B6E4B1E98E2797CFC /* Pods-CameraML.debug.xcconfig */;
			buildSettings = {
				ASSETCATALOG_COMPILER_APPICON_NAME = AppIcon;
				DEVELOPMENT_TEAM = P44LMMDHV3;
				INFOPLIST_FILE = CameraML/Info.plist;
				IPHONEOS_DEPLOYMENT_TARGET = 11.0;
				LD_RUNPATH_SEARCH_PATHS = "$(inherited) @executable_path/Frameworks";
				PRODUCT_BUNDLE_IDENTIFIER = com.kviatkovskii.CameraML;
				PRODUCT_NAME = "$(TARGET_NAME)";
				SWIFT_SWIFT3_OBJC_INFERENCE = Default;
				SWIFT_VERSION = 4.0;
			};
			name = Debug;
		};
		8B23CAC01F00F9080024679D /* Release */ = {
			isa = XCBuildConfiguration;
			baseConfigurationReference = F13BA9D351DC50C74171C156 /* Pods-CameraML.release.xcconfig */;
			buildSettings = {
				ASSETCATALOG_COMPILER_APPICON_NAME = AppIcon;
				DEVELOPMENT_TEAM = P44LMMDHV3;
				INFOPLIST_FILE = CameraML/Info.plist;
				IPHONEOS_DEPLOYMENT_TARGET = 11.0;
				LD_RUNPATH_SEARCH_PATHS = "$(inherited) @executable_path/Frameworks";
				PRODUCT_BUNDLE_IDENTIFIER = com.kviatkovskii.CameraML;
				PRODUCT_NAME = "$(TARGET_NAME)";
				SWIFT_SWIFT3_OBJC_INFERENCE = Default;
				SWIFT_VERSION = 4.0;
			};
			name = Release;
		};
		8B23CAC21F00F9080024679D /* Debug */ = {
			isa = XCBuildConfiguration;
			baseConfigurationReference = 45D2796211E27E6E0DD3E325 /* Pods-CameraMLTests.debug.xcconfig */;
			buildSettings = {
				ALWAYS_EMBED_SWIFT_STANDARD_LIBRARIES = YES;
				BUNDLE_LOADER = "$(TEST_HOST)";
				DEVELOPMENT_TEAM = P44LMMDHV3;
				INFOPLIST_FILE = CameraMLTests/Info.plist;
				LD_RUNPATH_SEARCH_PATHS = "$(inherited) @executable_path/Frameworks @loader_path/Frameworks";
				PRODUCT_BUNDLE_IDENTIFIER = com.kviatkovskii.CameraMLTests;
				PRODUCT_NAME = "$(TARGET_NAME)";
				SWIFT_SWIFT3_OBJC_INFERENCE = On;
				SWIFT_VERSION = 4.0;
				TEST_HOST = "$(BUILT_PRODUCTS_DIR)/CameraML.app/CameraML";
			};
			name = Debug;
		};
		8B23CAC31F00F9080024679D /* Release */ = {
			isa = XCBuildConfiguration;
			baseConfigurationReference = FED60BC2A129CC2FE6300990 /* Pods-CameraMLTests.release.xcconfig */;
			buildSettings = {
				ALWAYS_EMBED_SWIFT_STANDARD_LIBRARIES = YES;
				BUNDLE_LOADER = "$(TEST_HOST)";
				DEVELOPMENT_TEAM = P44LMMDHV3;
				INFOPLIST_FILE = CameraMLTests/Info.plist;
				LD_RUNPATH_SEARCH_PATHS = "$(inherited) @executable_path/Frameworks @loader_path/Frameworks";
				PRODUCT_BUNDLE_IDENTIFIER = com.kviatkovskii.CameraMLTests;
				PRODUCT_NAME = "$(TARGET_NAME)";
				SWIFT_SWIFT3_OBJC_INFERENCE = On;
				SWIFT_VERSION = 4.0;
				TEST_HOST = "$(BUILT_PRODUCTS_DIR)/CameraML.app/CameraML";
			};
			name = Release;
		};
		8BB9C9591FA9D81A00553880 /* Debug */ = {
			isa = XCBuildConfiguration;
			baseConfigurationReference = 50041F8B6E4B1E98E2797CFC /* Pods-CameraML.debug.xcconfig */;
			buildSettings = {
				ASSETCATALOG_COMPILER_APPICON_NAME = AppIcon;
				DEVELOPMENT_TEAM = P44LMMDHV3;
				INFOPLIST_FILE = "$(SRCROOT)/dev-Info.plist";
				IPHONEOS_DEPLOYMENT_TARGET = 11.0;
				LD_RUNPATH_SEARCH_PATHS = "$(inherited) @executable_path/Frameworks";
				OTHER_SWIFT_FLAGS = "$(inherited) \"-D\" \"COCOAPODS\" -DDEVELOPMENT";
				PRODUCT_BUNDLE_IDENTIFIER = com.kviatkovskii.CameraML;
				PRODUCT_NAME = "$(TARGET_NAME)";
				SWIFT_SWIFT3_OBJC_INFERENCE = Default;
				SWIFT_VERSION = 4.0;
			};
			name = Debug;
		};
		8BB9C95A1FA9D81A00553880 /* Release */ = {
			isa = XCBuildConfiguration;
			baseConfigurationReference = F13BA9D351DC50C74171C156 /* Pods-CameraML.release.xcconfig */;
			buildSettings = {
				ASSETCATALOG_COMPILER_APPICON_NAME = AppIcon;
				DEVELOPMENT_TEAM = P44LMMDHV3;
				INFOPLIST_FILE = "$(SRCROOT)/dev-Info.plist";
				IPHONEOS_DEPLOYMENT_TARGET = 11.0;
				LD_RUNPATH_SEARCH_PATHS = "$(inherited) @executable_path/Frameworks";
				OTHER_SWIFT_FLAGS = "$(inherited) \"-D\" \"COCOAPODS\" -DDEVELOPMENT";
				PRODUCT_BUNDLE_IDENTIFIER = com.kviatkovskii.CameraML;
				PRODUCT_NAME = "$(TARGET_NAME)";
				SWIFT_SWIFT3_OBJC_INFERENCE = Default;
				SWIFT_VERSION = 4.0;
			};
			name = Release;
		};
/* End XCBuildConfiguration section */

/* Begin XCConfigurationList section */
		8B23CA9C1F00F9080024679D /* Build configuration list for PBXProject "CameraML" */ = {
			isa = XCConfigurationList;
			buildConfigurations = (
				8B23CABC1F00F9080024679D /* Debug */,
				8B23CABD1F00F9080024679D /* Release */,
			);
			defaultConfigurationIsVisible = 0;
			defaultConfigurationName = Release;
		};
		8B23CABE1F00F9080024679D /* Build configuration list for PBXNativeTarget "CameraML" */ = {
			isa = XCConfigurationList;
			buildConfigurations = (
				8B23CABF1F00F9080024679D /* Debug */,
				8B23CAC01F00F9080024679D /* Release */,
			);
			defaultConfigurationIsVisible = 0;
			defaultConfigurationName = Release;
		};
		8B23CAC11F00F9080024679D /* Build configuration list for PBXNativeTarget "CameraMLTests" */ = {
			isa = XCConfigurationList;
			buildConfigurations = (
				8B23CAC21F00F9080024679D /* Debug */,
				8B23CAC31F00F9080024679D /* Release */,
			);
			defaultConfigurationIsVisible = 0;
			defaultConfigurationName = Release;
		};
		8BB9C9581FA9D81A00553880 /* Build configuration list for PBXNativeTarget "CameraML-dev" */ = {
			isa = XCConfigurationList;
			buildConfigurations = (
				8BB9C9591FA9D81A00553880 /* Debug */,
				8BB9C95A1FA9D81A00553880 /* Release */,
			);
			defaultConfigurationIsVisible = 0;
			defaultConfigurationName = Release;
		};
/* End XCConfigurationList section */
	};
	rootObject = 8B23CA991F00F9080024679D /* Project object */;
}
